[[package]]
name = "orjson"
version = "3.6.6"
description = "Fast, correct Python JSON library supporting dataclasses, datetimes, and numpy"
category = "dev"
optional = false
python-versions = ">=3.7"

[[package]]
name = "pycryptodome"
version = "3.14.0"
description = "Cryptographic library for Python"
category = "main"
optional = false
python-versions = ">=2.7, !=3.0.*, !=3.1.*, !=3.2.*, !=3.3.*, !=3.4.*"

[metadata]
lock-version = "1.1"
python-versions = "^3.7"
content-hash = "f0019a98cd976d53199ef5825ad9da2b6a6de6b6902c75d10871f88e2b7a82ce"

[metadata.files]
orjson = [
    {file = "orjson-3.6.6-cp310-cp310-macosx_10_7_x86_64.whl", hash = "sha256:e4a7cad6c63306318453980d302c7c0b74c0cc290dd1f433bbd7d31a5af90cf1"},
    {file = "orjson-3.6.6-cp310-cp310-macosx_10_9_x86_64.macosx_11_0_arm64.macosx_10_9_universal2.whl", hash = "sha256:e533941dca4a0530a876de32e54bf2fd3269cdec3751aebde7bfb5b5eba98e74"},
    {file = "orjson-3.6.6-cp310-cp310-manylinux_2_24_aarch64.whl", hash = "sha256:9adf63be386eaa34278967512b83ff8fc4bed036a246391ae236f68d23c47452"},
    {file = "orjson-3.6.6-cp310-cp310-manylinux_2_24_x86_64.whl", hash = "sha256:3b636753ae34d4619b11ea7d664a2f1e87e55e9738e5123e12bcce22acae9d13"},
    {file = "orjson-3.6.6-cp310-none-win_amd64.whl", hash = "sha256:78a10295ed048fd916c6584d6d27c232eae805a43e7c14be56e3745f784f0eb6"},
    {file = "orjson-3.6.6-cp37-cp37m-macosx_10_7_x86_64.whl", hash = "sha256:82b4f9fb2af7799b52932a62eac484083f930d5519560d6f64b24d66a368d03f"},
    {file = "orjson-3.6.6-cp37-cp37m-macosx_10_9_x86_64.macosx_11_0_arm64.macosx_10_9_universal2.whl", hash = "sha256:a0033d07309cc7d8b8c4bc5d42f0dd4422b53ceb91dee9f4086bb2afa70b7772"},
    {file = "orjson-3.6.6-cp37-cp37m-manylinux_2_17_x86_64.manylinux2014_x86_64.whl", hash = "sha256:2b321f99473116ab7c7c028377372f7b4adba4029aaca19cd567e83898f55579"},
    {file = "orjson-3.6.6-cp37-cp37m-manylinux_2_24_aarch64.whl", hash = "sha256:b9c98ed94f1688cc11b5c61b8eea39d854a1a2f09f71d8a5af005461b14994ed"},
    {file = "orjson-3.6.6-cp37-cp37m-manylinux_2_24_x86_64.whl", hash = "sha256:00b333a41392bd07a8603c42670547dbedf9b291485d773f90c6470eff435608"},
    {file = "orjson-3.6.6-cp37-none-win_amd64.whl", hash = "sha256:8d4fd3bdee65a81f2b79c50937d4b3c054e1e6bfa3fc72ed018a97c0c7c3d521"},
    {file = "orjson-3.6.6-cp38-cp38-macosx_10_7_x86_64.whl", hash = "sha256:954c9f8547247cd7a8c91094ff39c9fe314b5eaeaec90b7bfb7384a4108f416f"},
    {file = "orjson-3.6.6-cp38-cp38-macosx_10_9_x86_64.macosx_11_0_arm64.macosx_10_9_universal2.whl", hash = "sha256:74e5aed657ed0b91ef05d44d6a26d3e3e12ce4d2d71f75df41a477b05878c4a9"},
    {file = "orjson-3.6.6-cp38-cp38-manylinux_2_17_x86_64.manylinux2014_x86_64.whl", hash = "sha256:4008a5130e6e9c33abaa95e939e0e755175da10745740aa6968461b2f16830e2"},
    {file = "orjson-3.6.6-cp38-cp38-manylinux_2_24_aarch64.whl", hash = "sha256:012761d5f3d186deb4f6238f15e9ea7c1aac6deebc8f5b741ba3b4fafe017460"},
    {file = "orjson-3.6.6-cp38-cp38-manylinux_2_24_x86_64.whl", hash = "sha256:b464546718a940b48d095a98df4c04808bfa6c8706fe751fc3f9390bc2f82643"},
    {file = "orjson-3.6.6-cp38-none-win_amd64.whl", hash = "sha256:f10a800f4e5a4aab52076d4628e9e4dab9370bdd9d8ea254ebfde846b653ab25"},
    {file = "orjson-3.6.6-cp39-cp39-macosx_10_7_x86_64.whl", hash = "sha256:8010d2610cfab721725ef14d578c7071e946bbdae63322d8f7b49061cf3fde8d"},
    {file = "orjson-3.6.6-cp39-cp39-macosx_10_9_x86_64.macosx_11_0_arm64.macosx_10_9_universal2.whl", hash = "sha256:8dca67a4855e1e0f9a2ea0386e8db892708522e1171dc0ddf456932288fbae63"},
    {file = "orjson-3.6.6-cp39-cp39-manylinux_2_17_x86_64.manylinux2014_x86_64.whl", hash = "sha256:af065d60523139b99bd35b839c7a2d8c5da55df8a8c4402d2eb6cdc07fa7a624"},
    {file = "orjson-3.6.6-cp39-cp39-manylinux_2_24_aarch64.whl", hash = "sha256:fa1f389cc9f766ae0cf7ba3533d5089836b01a5ccb3f8d904297f1fcf3d9dc34"},
    {file = "orjson-3.6.6-cp39-cp39-manylinux_2_24_x86_64.whl", hash = "sha256:ec1221ad78f94d27b162a1d35672b62ef86f27f0e4c2b65051edb480cc86b286"},
    {file = "orjson-3.6.6-cp39-none-win_amd64.whl", hash = "sha256:afed2af55eeda1de6b3f1cbc93431981b19d380fcc04f6ed86e74c1913070304"},
    {file = "orjson-3.6.6.tar.gz", hash = "sha256:55dd988400fa7fbe0e31407c683f5aaab013b5bd967167b8fe058186773c4d6c"},
]
pycryptodome = [
    {file = "pycryptodome-3.14.0-cp27-cp27m-macosx_10_9_x86_64.whl", hash = "sha256:bd800856e6dea6924504795ae4ec0d822e912e0a9a215e73b77b585c4d15a0f7"},
    {file = "pycryptodome-3.14.0-cp27-cp27m-manylinux1_i686.whl", hash = "sha256:625f78ad69aa3c45e19b85b9e9cae3a30aa4a1de6b908981a63426b88e860489"},
    {file = "pycryptodome-3.14.0-cp27-cp27m-manylinux1_x86_64.whl", hash = "sha256:a1c116dd7a00aac631f67920912fd8ef7a5ad3402cd4d497c6f5cc6b8115747b"},
    {file = "pycryptodome-3.14.0-cp27-cp27m-manylinux2010_i686.whl", hash = "sha256:0d0b6cca6b707b2c7cd4177c2d3cd950efa959ed8f01c30e676f102c68156f00"},
    {file = "pycryptodome-3.14.0-cp27-cp27m-manylinux2010_x86_64.whl", hash = "sha256:9d939a257117cc8c6840ad69f149b3ca5e07268cfe0429bd9feec0f91da2343d"},
    {file = "pycryptodome-3.14.0-cp27-cp27m-manylinux2014_aarch64.whl", hash = "sha256:41dbb8c2129d43f34ed555cbd365d5e8f023ef0f9238fd9cd0302086b15a38b3"},
    {file = "pycryptodome-3.14.0-cp27-cp27m-win32.whl", hash = "sha256:9b454af09914807cef1222d100a8c523737a160347cb8d699facc4bdfb9fe725"},
    {file = "pycryptodome-3.14.0-cp27-cp27m-win_amd64.whl", hash = "sha256:95bac6e55411650933f3b615e57bf0966bf08f3ce07c01f07482ced95f18cbec"},
    {file = "pycryptodome-3.14.0-cp27-cp27mu-manylinux1_i686.whl", hash = "sha256:0ffbca43c1788243421a8583d85acb59f4cd0b82b001c485fdc3fbfd8fd0804f"},
    {file = "pycryptodome-3.14.0-cp27-cp27mu-manylinux1_x86_64.whl", hash = "sha256:69b85d78f7db628370d2cc87f1c41a449f6460896ba95f412173618f75027c2c"},
    {file = "pycryptodome-3.14.0-cp27-cp27mu-manylinux2010_i686.whl", hash = "sha256:bba348d2823315ab8ebe44f0b2fc2ff8dfac8de881713a08def3dadcfc8e92bb"},
    {file = "pycryptodome-3.14.0-cp27-cp27mu-manylinux2010_x86_64.whl", hash = "sha256:7d667daa851b1f9a20f2b5cad3cff13fba5204bc2f857d12f27c25b178d8629b"},
    {file = "pycryptodome-3.14.0-cp27-cp27mu-manylinux2014_aarch64.whl", hash = "sha256:74918d5de06b12fef2255135bede41307a5f7b929b145ad867111525aea075dc"},
    {file = "pycryptodome-3.14.0-cp35-abi3-macosx_10_9_x86_64.whl", hash = "sha256:c2b6faabd09d2876f9050f8af5d78046d81fe856f99e801c2ddab85b59602007"},
    {file = "pycryptodome-3.14.0-cp35-abi3-manylinux1_i686.whl", hash = "sha256:22a8629315c76d2bec57bc4fd67eb7e01664c3e3b9579df40f530ee5821db1de"},
    {file = "pycryptodome-3.14.0-cp35-abi3-manylinux1_x86_64.whl", hash = "sha256:7e3851e4fbbab72d9b30f98a504f450cc61e497e8e4b0be8205dc198703eee4d"},
    {file = "pycryptodome-3.14.0-cp35-abi3-manylinux2010_i686.whl", hash = "sha256:9006f17944efaacc3be364c01c2253c00a00f0b5fa5a1a85a1191efd861e764d"},
    {file = "pycryptodome-3.14.0-cp35-abi3-manylinux2010_x86_64.whl", hash = "sha256:8f0da308fca149b4c4da78e1388f82d8dd167e0ce12992a44f81b506cede3109"},
    {file = "pycryptodome-3.14.0-cp35-abi3-manylinux2014_aarch64.whl", hash = "sha256:d186e34747985fbd94df7ed4d621f8377165053a06872314c2a594af34741655"},
    {file = "pycryptodome-3.14.0-cp35-abi3-win32.whl", hash = "sha256:2ed4da8f8afe44895c1f49ae1141a55b15d81dc745b5baa7b7a7265d7b40b81e"},
    {file = "pycryptodome-3.14.0-cp35-abi3-win_amd64.whl", hash = "sha256:11167a1f892283e5320feb5e81589fd041a1822b94c047820f00bc03eb98a9f7"},
    {file = "pycryptodome-3.14.0-pp27-pypy_73-macosx_10_9_x86_64.whl", hash = "sha256:1714ea5f83bcff25e8ae4640e22359d7a0815157a29d9f4eebc2b9e975a3cda0"},
    {file = "pycryptodome-3.14.0-pp27-pypy_73-manylinux1_x86_64.whl", hash = "sha256:3a011b9fe674bd21056613e88a3e660c56f1b47263138ebf420aa3ee4b8b0107"},
    {file = "pycryptodome-3.14.0-pp27-pypy_73-manylinux2010_x86_64.whl", hash = "sha256:3fd50e3682ac3a684ace5b90ba1aef8090a78eeadf38c1ec385aad3a599cfd68"},
    {file = "pycryptodome-3.14.0-pp27-pypy_73-win32.whl", hash = "sha256:08be50d4195edd595df580077bbeec5599d0e5aa0cc468083178ae870e0b29f4"},
    {file = "pycryptodome-3.14.0-pp36-pypy36_pp73-macosx_10_9_x86_64.whl", hash = "sha256:16c171dd969c9046b7b304c6ba0c643624dcf18093a66bd30b8b091703f177a2"},
    {file = "pycryptodome-3.14.0-pp36-pypy36_pp73-manylinux1_x86_64.whl", hash = "sha256:89bb56cfd1fb74663842710bc41a6be26dafceb60eb8d432536891aea08a3740"},
    {file = "pycryptodome-3.14.0-pp36-pypy36_pp73-manylinux2010_x86_64.whl", hash = "sha256:c30a98c8718ae93d44680a7038adb484a520319860747ba43b6cd0a20f6b5984"},
    {file = "pycryptodome-3.14.0-pp36-pypy36_pp73-win32.whl", hash = "sha256:e972f566ef7b821c8b958dab64174afa072f8271b779e32444ad7c127b0a84b2"},
    {file = "pycryptodome-3.14.0.tar.gz", hash = "sha256:ceea92a4b8ba6c50d8d70f2efbb4ea14b002dac4160ce4dda33f1b7442f8158a"},
]
